
Microsoft Visual Studio Solution File, Format Version 12.00
# Visual Studio Version 16
VisualStudioVersion = 16.0.31205.134
MinimumVisualStudioVersion = 10.0.40219.1
Project("{FAE04EC0-301F-11D3-BF4B-00C04F79EFBC}") = "PropertyChange", "PropertyChange\PropertyChange.csproj", "{39DB4B23-C3F0-4054-B3A5-E898EFC327A5}"
EndProject
Global
	GlobalSection(SolutionConfigurationPlatforms) = preSolution
		Debug|Any CPU = Debug|Any CPU
		Release|Any CPU = Release|Any CPU
	EndGlobalSection
	GlobalSection(ProjectConfigurationPlatforms) = postSolution
		{39DB4B23-C3F0-4054-B3A5-E898EFC327A5}.Debug|Any CPU.ActiveCfg = Debug|Any CPU
		{39DB4B23-C3F0-4054-B3A5-E898EFC327A5}.Debug|Any CPU.Build.0 = Debug|Any CPU
		{39DB4B23-C3F0-4054-B3A5-E898EFC327A5}.Release|Any CPU.ActiveCfg = Release|Any CPU
		{39DB4B23-C3F0-4054-B3A5-E898EFC327A5}.Release|Any CPU.Build.0 = Release|Any CPU
	EndGlobalSection
	GlobalSection(SolutionProperties) = preSolution
		HideSolutionNode = FALSE
	EndGlobalSection
	GlobalSection(ExtensibilityGlobals) = postSolution
		SolutionGuid = {42508B47-99FB-4167-8E4D-55C85DFF13AB}
	EndGlobalSection
EndGlobal
