
Microsoft Visual Studio Solution File, Format Version 12.00
# Visual Studio Version 16
VisualStudioVersion = 16.0.30621.155
MinimumVisualStudioVersion = 10.0.40219.1
Project("{FAE04EC0-301F-11D3-BF4B-00C04F79EFBC}") = "AnonymousDelegate", "AnonymousDelegate\AnonymousDelegate.csproj", "{00580BE7-F0A0-4436-929C-C7A986035438}"
EndProject
Global
	GlobalSection(SolutionConfigurationPlatforms) = preSolution
		Debug|Any CPU = Debug|Any CPU
		Release|Any CPU = Release|Any CPU
	EndGlobalSection
	GlobalSection(ProjectConfigurationPlatforms) = postSolution
		{00580BE7-F0A0-4436-929C-C7A986035438}.Debug|Any CPU.ActiveCfg = Debug|Any CPU
		{00580BE7-F0A0-4436-929C-C7A986035438}.Debug|Any CPU.Build.0 = Debug|Any CPU
		{00580BE7-F0A0-4436-929C-C7A986035438}.Release|Any CPU.ActiveCfg = Release|Any CPU
		{00580BE7-F0A0-4436-929C-C7A986035438}.Release|Any CPU.Build.0 = Release|Any CPU
	EndGlobalSection
	GlobalSection(SolutionProperties) = preSolution
		HideSolutionNode = FALSE
	EndGlobalSection
	GlobalSection(ExtensibilityGlobals) = postSolution
		SolutionGuid = {7A14A53C-4342-4F83-A403-3957909EE80A}
	EndGlobalSection
EndGlobal
