
Microsoft Visual Studio Solution File, Format Version 12.00
# Visual Studio Version 16
VisualStudioVersion = 16.0.30621.155
MinimumVisualStudioVersion = 10.0.40219.1
Project("{FAE04EC0-301F-11D3-BF4B-00C04F79EFBC}") = "Delegation", "Delegation\Delegation.csproj", "{D95EB019-693A-410F-9948-2D3D2F5E8D26}"
EndProject
Global
	GlobalSection(SolutionConfigurationPlatforms) = preSolution
		Debug|Any CPU = Debug|Any CPU
		Release|Any CPU = Release|Any CPU
	EndGlobalSection
	GlobalSection(ProjectConfigurationPlatforms) = postSolution
		{D95EB019-693A-410F-9948-2D3D2F5E8D26}.Debug|Any CPU.ActiveCfg = Debug|Any CPU
		{D95EB019-693A-410F-9948-2D3D2F5E8D26}.Debug|Any CPU.Build.0 = Debug|Any CPU
		{D95EB019-693A-410F-9948-2D3D2F5E8D26}.Release|Any CPU.ActiveCfg = Release|Any CPU
		{D95EB019-693A-410F-9948-2D3D2F5E8D26}.Release|Any CPU.Build.0 = Release|Any CPU
	EndGlobalSection
	GlobalSection(SolutionProperties) = preSolution
		HideSolutionNode = FALSE
	EndGlobalSection
	GlobalSection(ExtensibilityGlobals) = postSolution
		SolutionGuid = {03637399-D503-4875-8E02-F6B9D7C3978F}
	EndGlobalSection
EndGlobal
